
Microsoft Visual Studio Solution File, Format Version 12.00
# Visual Studio 2013
VisualStudioVersion = 12.0.31101.0
MinimumVisualStudioVersion = 10.0.40219.1
Project("{FAE04EC0-301F-11D3-BF4B-00C04F79EFBC}") = "Fresnel.SampleModel", "Fresnel.SampleModel\Fresnel.SampleModel.csproj", "{77810A26-5586-42C5-B05A-4C06DB029FD2}"
EndProject
Project("{FAE04EC0-301F-11D3-BF4B-00C04F79EFBC}") = "Fresnel.DomainTypes", "Fresnel.DomainTypes\Fresnel.DomainTypes.csproj", "{BEEC9A50-F328-43D1-AAF1-F818AA56653E}"
EndProject
Project("{FAE04EC0-301F-11D3-BF4B-00C04F79EFBC}") = "Fresnel.Tests", "Fresnel.Tests\Fresnel.Tests.csproj", "{90CDC6C5-0808-4556-BE22-DD6602197425}"
EndProject
Project("{FAE04EC0-301F-11D3-BF4B-00C04F79EFBC}") = "Fresnel.Utils", "Fresnel.Utils\Fresnel.Utils.csproj", "{3BA54D1E-0D73-4C83-A3C7-5FD199E0F468}"
EndProject
Project("{FAE04EC0-301F-11D3-BF4B-00C04F79EFBC}") = "Fresnel.Bootstrap", "Fresnel.Bootstrap\Fresnel.Bootstrap.csproj", "{5D50AB72-1E6A-4930-8A70-4DD940ECBEB0}"
EndProject
Project("{FAE04EC0-301F-11D3-BF4B-00C04F79EFBC}") = "Fresnel.Introspection", "Fresnel.Introspection\Fresnel.Introspection.csproj", "{F7873FCB-7EAC-4A75-9B7C-E4EF646C9960}"
EndProject
Project("{FAE04EC0-301F-11D3-BF4B-00C04F79EFBC}") = "Fresnel.Configuration", "Fresnel.Configuration\Fresnel.Configuration.csproj", "{B3122093-8EBB-423B-A4ED-951752690288}"
EndProject
Project("{FAE04EC0-301F-11D3-BF4B-00C04F79EFBC}") = "Fresnel.Core", "Fresnel.Core\Fresnel.Core.csproj", "{06B6FC1C-5E9D-442A-A643-2EB1A6A53809}"
EndProject
Project("{FAE04EC0-301F-11D3-BF4B-00C04F79EFBC}") = "Fresnel.UiCore", "Fresnel.UiCore\Fresnel.UiCore.csproj", "{81DF9FCC-50E5-4D2E-B47B-4E61EFD2FBF3}"
EndProject
Project("{FAE04EC0-301F-11D3-BF4B-00C04F79EFBC}") = "Fresnel.UI", "Fresnel.UI\Fresnel.UI.csproj", "{139A7683-3F42-4EB3-AD95-601879658E5F}"
EndProject
Project("{FAE04EC0-301F-11D3-BF4B-00C04F79EFBC}") = "Fresnel.SampleModel.Persistence", "Fresnel.SampleModel.Persistence\Fresnel.SampleModel.Persistence.csproj", "{38243C48-0890-4D8C-A07F-E0AC6840F844}"
EndProject
Project("{FAE04EC0-301F-11D3-BF4B-00C04F79EFBC}") = "RaceStrategy.Model", "..\RaceStrategy.Model\RaceStrategy.Model.csproj", "{C2A8100D-793E-4ED4-B2A4-C05FC48765CA}"
EndProject
Project("{FAE04EC0-301F-11D3-BF4B-00C04F79EFBC}") = "RaceStrategy.Persistence", "..\RaceStrategy.Persistence\RaceStrategy.Persistence.csproj", "{CA34DD76-0270-4505-A0A7-B2D308FC4594}"
EndProject
Global
	GlobalSection(SolutionConfigurationPlatforms) = preSolution
		Debug|Any CPU = Debug|Any CPU
		Default|Any CPU = Default|Any CPU
		Release|Any CPU = Release|Any CPU
	EndGlobalSection
	GlobalSection(ProjectConfigurationPlatforms) = postSolution
		{77810A26-5586-42C5-B05A-4C06DB029FD2}.Debug|Any CPU.ActiveCfg = Debug|Any CPU
		{77810A26-5586-42C5-B05A-4C06DB029FD2}.Debug|Any CPU.Build.0 = Debug|Any CPU
		{77810A26-5586-42C5-B05A-4C06DB029FD2}.Default|Any CPU.ActiveCfg = Debug|Any CPU
		{77810A26-5586-42C5-B05A-4C06DB029FD2}.Default|Any CPU.Build.0 = Debug|Any CPU
		{77810A26-5586-42C5-B05A-4C06DB029FD2}.Release|Any CPU.ActiveCfg = Release|Any CPU
		{77810A26-5586-42C5-B05A-4C06DB029FD2}.Release|Any CPU.Build.0 = Release|Any CPU
		{BEEC9A50-F328-43D1-AAF1-F818AA56653E}.Debug|Any CPU.ActiveCfg = Debug|Any CPU
		{BEEC9A50-F328-43D1-AAF1-F818AA56653E}.Debug|Any CPU.Build.0 = Debug|Any CPU
		{BEEC9A50-F328-43D1-AAF1-F818AA56653E}.Default|Any CPU.ActiveCfg = Debug|Any CPU
		{BEEC9A50-F328-43D1-AAF1-F818AA56653E}.Default|Any CPU.Build.0 = Debug|Any CPU
		{BEEC9A50-F328-43D1-AAF1-F818AA56653E}.Release|Any CPU.ActiveCfg = Release|Any CPU
		{BEEC9A50-F328-43D1-AAF1-F818AA56653E}.Release|Any CPU.Build.0 = Release|Any CPU
		{90CDC6C5-0808-4556-BE22-DD6602197425}.Debug|Any CPU.ActiveCfg = Debug|Any CPU
		{90CDC6C5-0808-4556-BE22-DD6602197425}.Debug|Any CPU.Build.0 = Debug|Any CPU
		{90CDC6C5-0808-4556-BE22-DD6602197425}.Default|Any CPU.ActiveCfg = Debug|Any CPU
		{90CDC6C5-0808-4556-BE22-DD6602197425}.Default|Any CPU.Build.0 = Debug|Any CPU
		{90CDC6C5-0808-4556-BE22-DD6602197425}.Release|Any CPU.ActiveCfg = Release|Any CPU
		{90CDC6C5-0808-4556-BE22-DD6602197425}.Release|Any CPU.Build.0 = Release|Any CPU
		{3BA54D1E-0D73-4C83-A3C7-5FD199E0F468}.Debug|Any CPU.ActiveCfg = Debug|Any CPU
		{3BA54D1E-0D73-4C83-A3C7-5FD199E0F468}.Debug|Any CPU.Build.0 = Debug|Any CPU
		{3BA54D1E-0D73-4C83-A3C7-5FD199E0F468}.Default|Any CPU.ActiveCfg = Debug|Any CPU
		{3BA54D1E-0D73-4C83-A3C7-5FD199E0F468}.Default|Any CPU.Build.0 = Debug|Any CPU
		{3BA54D1E-0D73-4C83-A3C7-5FD199E0F468}.Release|Any CPU.ActiveCfg = Release|Any CPU
		{3BA54D1E-0D73-4C83-A3C7-5FD199E0F468}.Release|Any CPU.Build.0 = Release|Any CPU
		{5D50AB72-1E6A-4930-8A70-4DD940ECBEB0}.Debug|Any CPU.ActiveCfg = Debug|Any CPU
		{5D50AB72-1E6A-4930-8A70-4DD940ECBEB0}.Debug|Any CPU.Build.0 = Debug|Any CPU
		{5D50AB72-1E6A-4930-8A70-4DD940ECBEB0}.Default|Any CPU.ActiveCfg = Debug|Any CPU
		{5D50AB72-1E6A-4930-8A70-4DD940ECBEB0}.Default|Any CPU.Build.0 = Debug|Any CPU
		{5D50AB72-1E6A-4930-8A70-4DD940ECBEB0}.Release|Any CPU.ActiveCfg = Release|Any CPU
		{5D50AB72-1E6A-4930-8A70-4DD940ECBEB0}.Release|Any CPU.Build.0 = Release|Any CPU
		{F7873FCB-7EAC-4A75-9B7C-E4EF646C9960}.Debug|Any CPU.ActiveCfg = Debug|Any CPU
		{F7873FCB-7EAC-4A75-9B7C-E4EF646C9960}.Debug|Any CPU.Build.0 = Debug|Any CPU
		{F7873FCB-7EAC-4A75-9B7C-E4EF646C9960}.Default|Any CPU.ActiveCfg = Debug|Any CPU
		{F7873FCB-7EAC-4A75-9B7C-E4EF646C9960}.Default|Any CPU.Build.0 = Debug|Any CPU
		{F7873FCB-7EAC-4A75-9B7C-E4EF646C9960}.Release|Any CPU.ActiveCfg = Release|Any CPU
		{F7873FCB-7EAC-4A75-9B7C-E4EF646C9960}.Release|Any CPU.Build.0 = Release|Any CPU
		{B3122093-8EBB-423B-A4ED-951752690288}.Debug|Any CPU.ActiveCfg = Debug|Any CPU
		{B3122093-8EBB-423B-A4ED-951752690288}.Debug|Any CPU.Build.0 = Debug|Any CPU
		{B3122093-8EBB-423B-A4ED-951752690288}.Default|Any CPU.ActiveCfg = Debug|Any CPU
		{B3122093-8EBB-423B-A4ED-951752690288}.Default|Any CPU.Build.0 = Debug|Any CPU
		{B3122093-8EBB-423B-A4ED-951752690288}.Release|Any CPU.ActiveCfg = Release|Any CPU
		{B3122093-8EBB-423B-A4ED-951752690288}.Release|Any CPU.Build.0 = Release|Any CPU
		{06B6FC1C-5E9D-442A-A643-2EB1A6A53809}.Debug|Any CPU.ActiveCfg = Debug|Any CPU
		{06B6FC1C-5E9D-442A-A643-2EB1A6A53809}.Debug|Any CPU.Build.0 = Debug|Any CPU
		{06B6FC1C-5E9D-442A-A643-2EB1A6A53809}.Default|Any CPU.ActiveCfg = Debug|Any CPU
		{06B6FC1C-5E9D-442A-A643-2EB1A6A53809}.Default|Any CPU.Build.0 = Debug|Any CPU
		{06B6FC1C-5E9D-442A-A643-2EB1A6A53809}.Release|Any CPU.ActiveCfg = Release|Any CPU
		{06B6FC1C-5E9D-442A-A643-2EB1A6A53809}.Release|Any CPU.Build.0 = Release|Any CPU
		{81DF9FCC-50E5-4D2E-B47B-4E61EFD2FBF3}.Debug|Any CPU.ActiveCfg = Debug|Any CPU
		{81DF9FCC-50E5-4D2E-B47B-4E61EFD2FBF3}.Debug|Any CPU.Build.0 = Debug|Any CPU
		{81DF9FCC-50E5-4D2E-B47B-4E61EFD2FBF3}.Default|Any CPU.ActiveCfg = Debug|Any CPU
		{81DF9FCC-50E5-4D2E-B47B-4E61EFD2FBF3}.Default|Any CPU.Build.0 = Debug|Any CPU
		{81DF9FCC-50E5-4D2E-B47B-4E61EFD2FBF3}.Release|Any CPU.ActiveCfg = Release|Any CPU
		{81DF9FCC-50E5-4D2E-B47B-4E61EFD2FBF3}.Release|Any CPU.Build.0 = Release|Any CPU
		{139A7683-3F42-4EB3-AD95-601879658E5F}.Debug|Any CPU.ActiveCfg = Debug|Any CPU
		{139A7683-3F42-4EB3-AD95-601879658E5F}.Debug|Any CPU.Build.0 = Debug|Any CPU
		{139A7683-3F42-4EB3-AD95-601879658E5F}.Default|Any CPU.ActiveCfg = Debug|Any CPU
		{139A7683-3F42-4EB3-AD95-601879658E5F}.Default|Any CPU.Build.0 = Debug|Any CPU
		{139A7683-3F42-4EB3-AD95-601879658E5F}.Release|Any CPU.ActiveCfg = Release|Any CPU
		{139A7683-3F42-4EB3-AD95-601879658E5F}.Release|Any CPU.Build.0 = Release|Any CPU
		{38243C48-0890-4D8C-A07F-E0AC6840F844}.Debug|Any CPU.ActiveCfg = Debug|Any CPU
		{38243C48-0890-4D8C-A07F-E0AC6840F844}.Debug|Any CPU.Build.0 = Debug|Any CPU
		{38243C48-0890-4D8C-A07F-E0AC6840F844}.Default|Any CPU.ActiveCfg = Debug|Any CPU
		{38243C48-0890-4D8C-A07F-E0AC6840F844}.Default|Any CPU.Build.0 = Debug|Any CPU
		{38243C48-0890-4D8C-A07F-E0AC6840F844}.Release|Any CPU.ActiveCfg = Release|Any CPU
		{38243C48-0890-4D8C-A07F-E0AC6840F844}.Release|Any CPU.Build.0 = Release|Any CPU
		{C2A8100D-793E-4ED4-B2A4-C05FC48765CA}.Debug|Any CPU.ActiveCfg = Debug|Any CPU
		{C2A8100D-793E-4ED4-B2A4-C05FC48765CA}.Debug|Any CPU.Build.0 = Debug|Any CPU
		{C2A8100D-793E-4ED4-B2A4-C05FC48765CA}.Default|Any CPU.ActiveCfg = Debug|Any CPU
		{C2A8100D-793E-4ED4-B2A4-C05FC48765CA}.Default|Any CPU.Build.0 = Debug|Any CPU
		{C2A8100D-793E-4ED4-B2A4-C05FC48765CA}.Release|Any CPU.ActiveCfg = Release|Any CPU
		{C2A8100D-793E-4ED4-B2A4-C05FC48765CA}.Release|Any CPU.Build.0 = Release|Any CPU
		{CA34DD76-0270-4505-A0A7-B2D308FC4594}.Debug|Any CPU.ActiveCfg = Debug|Any CPU
		{CA34DD76-0270-4505-A0A7-B2D308FC4594}.Debug|Any CPU.Build.0 = Debug|Any CPU
		{CA34DD76-0270-4505-A0A7-B2D308FC4594}.Default|Any CPU.ActiveCfg = Debug|Any CPU
		{CA34DD76-0270-4505-A0A7-B2D308FC4594}.Default|Any CPU.Build.0 = Debug|Any CPU
		{CA34DD76-0270-4505-A0A7-B2D308FC4594}.Release|Any CPU.ActiveCfg = Release|Any CPU
		{CA34DD76-0270-4505-A0A7-B2D308FC4594}.Release|Any CPU.Build.0 = Release|Any CPU
	EndGlobalSection
	GlobalSection(SolutionProperties) = preSolution
		HideSolutionNode = FALSE
	EndGlobalSection
	GlobalSection(MonoDevelopProperties) = preSolution
		StartupItem = Fresnel.Tests\Fresnel.Tests.csproj
	EndGlobalSection
EndGlobal
